{
  "originHash" : "b033cf7d290002f1e0ba25fe85cc45ff87c5fc155e0d14b927d807c6e704ff3e",
  "pins" : [
    {
      "identity" : "erxes-ios-sdk",
      "kind" : "remoteSourceControl",
      "location" : "https://github.com/erxes/erxes-ios-sdk.git",
      "state" : {
        "revision" : "b04ec39009c8d0292760fd0d478895c6141c9220",
        "version" : "0.30.13"
      }
    }
  ],
  "version" : 3
}
